
Microsoft Visual Studio Solution File, Format Version 12.00
# Visual Studio Version 16
VisualStudioVersion = 16.0.31205.134
MinimumVisualStudioVersion = 10.0.40219.1
Project("{FAE04EC0-301F-11D3-BF4B-00C04F79EFBC}") = "Collections_task1", "Collections_task1\Collections_task1.csproj", "{A3D93734-4E66-48DB-AC3D-93516DC7E38A}"
EndProject
Global
	GlobalSection(SolutionConfigurationPlatforms) = preSolution
		Debug|Any CPU = Debug|Any CPU
		Release|Any CPU = Release|Any CPU
	EndGlobalSection
	GlobalSection(ProjectConfigurationPlatforms) = postSolution
		{A3D93734-4E66-48DB-AC3D-93516DC7E38A}.Debug|Any CPU.ActiveCfg = Debug|Any CPU
		{A3D93734-4E66-48DB-AC3D-93516DC7E38A}.Debug|Any CPU.Build.0 = Debug|Any CPU
		{A3D93734-4E66-48DB-AC3D-93516DC7E38A}.Release|Any CPU.ActiveCfg = Release|Any CPU
		{A3D93734-4E66-48DB-AC3D-93516DC7E38A}.Release|Any CPU.Build.0 = Release|Any CPU
	EndGlobalSection
	GlobalSection(SolutionProperties) = preSolution
		HideSolutionNode = FALSE
	EndGlobalSection
	GlobalSection(ExtensibilityGlobals) = postSolution
		SolutionGuid = {95D11751-978C-4DF0-BF7A-D618C93C7199}
	EndGlobalSection
EndGlobal
