
Microsoft Visual Studio Solution File, Format Version 12.00
# Visual Studio Version 16
VisualStudioVersion = 16.0.31205.134
MinimumVisualStudioVersion = 10.0.40219.1
Project("{FAE04EC0-301F-11D3-BF4B-00C04F79EFBC}") = "RegExUrl", "RegExUrl\RegExUrl.csproj", "{C1113CF4-876C-4E64-A3E0-F785B585B3B9}"
EndProject
Global
	GlobalSection(SolutionConfigurationPlatforms) = preSolution
		Debug|Any CPU = Debug|Any CPU
		Release|Any CPU = Release|Any CPU
	EndGlobalSection
	GlobalSection(ProjectConfigurationPlatforms) = postSolution
		{C1113CF4-876C-4E64-A3E0-F785B585B3B9}.Debug|Any CPU.ActiveCfg = Debug|Any CPU
		{C1113CF4-876C-4E64-A3E0-F785B585B3B9}.Debug|Any CPU.Build.0 = Debug|Any CPU
		{C1113CF4-876C-4E64-A3E0-F785B585B3B9}.Release|Any CPU.ActiveCfg = Release|Any CPU
		{C1113CF4-876C-4E64-A3E0-F785B585B3B9}.Release|Any CPU.Build.0 = Release|Any CPU
	EndGlobalSection
	GlobalSection(SolutionProperties) = preSolution
		HideSolutionNode = FALSE
	EndGlobalSection
	GlobalSection(ExtensibilityGlobals) = postSolution
		SolutionGuid = {317962F6-52F3-4CA3-8544-6C9933DD8B7A}
	EndGlobalSection
EndGlobal
