
Microsoft Visual Studio Solution File, Format Version 12.00
# Visual Studio Version 16
VisualStudioVersion = 16.0.31205.134
MinimumVisualStudioVersion = 10.0.40219.1
Project("{FAE04EC0-301F-11D3-BF4B-00C04F79EFBC}") = "Cycles_task3", "Cycles_task3\Cycles_task3.csproj", "{075F668E-5423-431A-9DD9-452EB97224FC}"
EndProject
Global
	GlobalSection(SolutionConfigurationPlatforms) = preSolution
		Debug|Any CPU = Debug|Any CPU
		Release|Any CPU = Release|Any CPU
	EndGlobalSection
	GlobalSection(ProjectConfigurationPlatforms) = postSolution
		{075F668E-5423-431A-9DD9-452EB97224FC}.Debug|Any CPU.ActiveCfg = Debug|Any CPU
		{075F668E-5423-431A-9DD9-452EB97224FC}.Debug|Any CPU.Build.0 = Debug|Any CPU
		{075F668E-5423-431A-9DD9-452EB97224FC}.Release|Any CPU.ActiveCfg = Release|Any CPU
		{075F668E-5423-431A-9DD9-452EB97224FC}.Release|Any CPU.Build.0 = Release|Any CPU
	EndGlobalSection
	GlobalSection(SolutionProperties) = preSolution
		HideSolutionNode = FALSE
	EndGlobalSection
	GlobalSection(ExtensibilityGlobals) = postSolution
		SolutionGuid = {0358573B-E4E2-4159-B3BD-A1A545F29D6E}
	EndGlobalSection
EndGlobal
